
Microsoft Visual Studio Solution File, Format Version 12.00
# Visual Studio Version 16
VisualStudioVersion = 16.0.31205.134
MinimumVisualStudioVersion = 10.0.40219.1
Project("{FAE04EC0-301F-11D3-BF4B-00C04F79EFBC}") = "ServiceMS", "ServiceMS\ServiceMS.csproj", "{D2D05CB0-3DE1-4E71-BB18-8E8AA972C44E}"
EndProject
Global
	GlobalSection(SolutionConfigurationPlatforms) = preSolution
		Debug|Any CPU = Debug|Any CPU
		Release|Any CPU = Release|Any CPU
	EndGlobalSection
	GlobalSection(ProjectConfigurationPlatforms) = postSolution
		{D2D05CB0-3DE1-4E71-BB18-8E8AA972C44E}.Debug|Any CPU.ActiveCfg = Debug|Any CPU
		{D2D05CB0-3DE1-4E71-BB18-8E8AA972C44E}.Debug|Any CPU.Build.0 = Debug|Any CPU
		{D2D05CB0-3DE1-4E71-BB18-8E8AA972C44E}.Release|Any CPU.ActiveCfg = Release|Any CPU
		{D2D05CB0-3DE1-4E71-BB18-8E8AA972C44E}.Release|Any CPU.Build.0 = Release|Any CPU
	EndGlobalSection
	GlobalSection(SolutionProperties) = preSolution
		HideSolutionNode = FALSE
	EndGlobalSection
	GlobalSection(ExtensibilityGlobals) = postSolution
		SolutionGuid = {801A40D0-1332-4C99-ADC3-271DB1442856}
	EndGlobalSection
EndGlobal
